// !$*UTF8*$!
{
	archiveVersion = 1;
	classes = {
	};
	objectVersion = 55;
	objects = {

/* Begin PBXBuildFile section */
		7D0F3128955F160DADCC71AF /* Pods_whatFlower.framework in Frameworks */ = {isa = PBXBuildFile; fileRef = 4C0E20FEB133975D785EF33A /* Pods_whatFlower.framework */; };
		FB74D6CC28343BB8002FA9A1 /* Assets.xcassets in Resources */ = {isa = PBXBuildFile; fileRef = FB74D6CB28343BB8002FA9A1 /* Assets.xcassets */; };
		FBCC723A2832573100658654 /* flowerIdentifier 1.mlmodel in Sources */ = {isa = PBXBuildFile; fileRef = FBCC72392832573100658654 /* flowerIdentifier 1.mlmodel */; };
		FBFE9582282AE26E003EF194 /* AppDelegate.swift in Sources */ = {isa = PBXBuildFile; fileRef = FBFE9581282AE26E003EF194 /* AppDelegate.swift */; };
		FBFE9586282AE26E003EF194 /* ViewController.swift in Sources */ = {isa = PBXBuildFile; fileRef = FBFE9585282AE26E003EF194 /* ViewController.swift */; };
		FBFE9589282AE26E003EF194 /* Main.storyboard in Resources */ = {isa = PBXBuildFile; fileRef = FBFE9587282AE26E003EF194 /* Main.storyboard */; };
		FBFE958E282AE270003EF194 /* LaunchScreen.storyboard in Resources */ = {isa = PBXBuildFile; fileRef = FBFE958C282AE270003EF194 /* LaunchScreen.storyboard */; };
		FBFE9596282AE6C8003EF194 /* SceneDelegate.swift in Sources */ = {isa = PBXBuildFile; fileRef = FBFE9595282AE6C8003EF194 /* SceneDelegate.swift */; };
/* End PBXBuildFile section */

/* Begin PBXFileReference section */
		4C0E20FEB133975D785EF33A /* Pods_whatFlower.framework */ = {isa = PBXFileReference; explicitFileType = wrapper.framework; includeInIndex = 0; path = Pods_whatFlower.framework; sourceTree = BUILT_PRODUCTS_DIR; };
		621672C50EEC12EDABBACD83 /* Pods-whatFlower.release.xcconfig */ = {isa = PBXFileReference; includeInIndex = 1; lastKnownFileType = text.xcconfig; name = "Pods-whatFlower.release.xcconfig"; path = "Target Support Files/Pods-whatFlower/Pods-whatFlower.release.xcconfig"; sourceTree = "<group>"; };
		E8324DD09BAD6D5FCAD07039 /* Pods-whatFlower.debug.xcconfig */ = {isa = PBXFileReference; includeInIndex = 1; lastKnownFileType = text.xcconfig; name = "Pods-whatFlower.debug.xcconfig"; path = "Target Support Files/Pods-whatFlower/Pods-whatFlower.debug.xcconfig"; sourceTree = "<group>"; };
		FB74D6CB28343BB8002FA9A1 /* Assets.xcassets */ = {isa = PBXFileReference; lastKnownFileType = folder.assetcatalog; name = Assets.xcassets; path = "../../../Downloads/WhatFlower-Completed-iOS13-master/WhatFlower/Assets.xcassets"; sourceTree = "<group>"; };
		FBCC72392832573100658654 /* flowerIdentifier 1.mlmodel */ = {isa = PBXFileReference; lastKnownFileType = file.mlmodel; path = "flowerIdentifier 1.mlmodel"; sourceTree = "<group>"; };
		FBFE957E282AE26E003EF194 /* whatFlower.app */ = {isa = PBXFileReference; explicitFileType = wrapper.application; includeInIndex = 0; path = whatFlower.app; sourceTree = BUILT_PRODUCTS_DIR; };
		FBFE9581282AE26E003EF194 /* AppDelegate.swift */ = {isa = PBXFileReference; lastKnownFileType = sourcecode.swift; path = AppDelegate.swift; sourceTree = "<group>"; };
		FBFE9585282AE26E003EF194 /* ViewController.swift */ = {isa = PBXFileReference; lastKnownFileType = sourcecode.swift; path = ViewController.swift; sourceTree = "<group>"; };
		FBFE9588282AE26E003EF194 /* Base */ = {isa = PBXFileReference; lastKnownFileType = file.storyboard; name = Base; path = Base.lproj/Main.storyboard; sourceTree = "<group>"; };
		FBFE958D282AE270003EF194 /* Base */ = {isa = PBXFileReference; lastKnownFileType = file.storyboard; name = Base; path = Base.lproj/LaunchScreen.storyboard; sourceTree = "<group>"; };
		FBFE958F282AE270003EF194 /* Info.plist */ = {isa = PBXFileReference; lastKnownFileType = text.plist.xml; path = Info.plist; sourceTree = "<group>"; };
		FBFE9595282AE6C8003EF194 /* SceneDelegate.swift */ = {isa = PBXFileReference; fileEncoding = 4; lastKnownFileType = sourcecode.swift; path = SceneDelegate.swift; sourceTree = "<group>"; };
/* End PBXFileReference section */

/* Begin PBXFrameworksBuildPhase section */
		FBFE957B282AE26E003EF194 /* Frameworks */ = {
			isa = PBXFrameworksBuildPhase;
			buildActionMask = 2147483647;
			files = (
				7D0F3128955F160DADCC71AF /* Pods_whatFlower.framework in Frameworks */,
			);
			runOnlyForDeploymentPostprocessing = 0;
		};
/* End PBXFrameworksBuildPhase section */

/* Begin PBXGroup section */
		29FB7438B5E5B6DCE30B2C11 /* Pods */ = {
			isa = PBXGroup;
			children = (
				E8324DD09BAD6D5FCAD07039 /* Pods-whatFlower.debug.xcconfig */,
				621672C50EEC12EDABBACD83 /* Pods-whatFlower.release.xcconfig */,
			);
			path = Pods;
			sourceTree = "<group>";
		};
		CDDE1D40AC47A5DCC9AA10B0 /* Frameworks */ = {
			isa = PBXGroup;
			children = (
				4C0E20FEB133975D785EF33A /* Pods_whatFlower.framework */,
			);
			name = Frameworks;
			sourceTree = "<group>";
		};
		FBFE9575282AE26E003EF194 = {
			isa = PBXGroup;
			children = (
				FBFE9580282AE26E003EF194 /* whatFlower */,
				FBFE957F282AE26E003EF194 /* Products */,
				29FB7438B5E5B6DCE30B2C11 /* Pods */,
				CDDE1D40AC47A5DCC9AA10B0 /* Frameworks */,
			);
			sourceTree = "<group>";
		};
		FBFE957F282AE26E003EF194 /* Products */ = {
			isa = PBXGroup;
			children = (
				FBFE957E282AE26E003EF194 /* whatFlower.app */,
			);
			name = Products;
			sourceTree = "<group>";
		};
		FBFE9580282AE26E003EF194 /* whatFlower */ = {
			isa = PBXGroup;
			children = (
				FBFE9581282AE26E003EF194 /* AppDelegate.swift */,
				FBFE9595282AE6C8003EF194 /* SceneDelegate.swift */,
				FBFE9585282AE26E003EF194 /* ViewController.swift */,
				FBFE9587282AE26E003EF194 /* Main.storyboard */,
				FB74D6CB28343BB8002FA9A1 /* Assets.xcassets */,
				FBCC72392832573100658654 /* flowerIdentifier 1.mlmodel */,
				FBFE958C282AE270003EF194 /* LaunchScreen.storyboard */,
				FBFE958F282AE270003EF194 /* Info.plist */,
			);
			path = whatFlower;
			sourceTree = "<group>";
		};
/* End PBXGroup section */

/* Begin PBXNativeTarget section */
		FBFE957D282AE26E003EF194 /* whatFlower */ = {
			isa = PBXNativeTarget;
			buildConfigurationList = FBFE9592282AE270003EF194 /* Build configuration list for PBXNativeTarget "whatFlower" */;
			buildPhases = (
				EAED9F5EE88AC23FF71DB27C /* [CP] Check Pods Manifest.lock */,
				FBFE957A282AE26E003EF194 /* Sources */,
				FBFE957B282AE26E003EF194 /* Frameworks */,
				FBFE957C282AE26E003EF194 /* Resources */,
				6CACAF555604D778F75E7880 /* [CP] Embed Pods Frameworks */,
			);
			buildRules = (
			);
			dependencies = (
			);
			name = whatFlower;
			productName = whatFlower;
			productReference = FBFE957E282AE26E003EF194 /* whatFlower.app */;
			productType = "com.apple.product-type.application";
		};
/* End PBXNativeTarget section */

/* Begin PBXProject section */
		FBFE9576282AE26E003EF194 /* Project object */ = {
			isa = PBXProject;
			attributes = {
				BuildIndependentTargetsInParallel = 1;
				LastSwiftUpdateCheck = 1330;
				LastUpgradeCheck = 1330;
				TargetAttributes = {
					FBFE957D282AE26E003EF194 = {
						CreatedOnToolsVersion = 13.3.1;
					};
				};
			};
			buildConfigurationList = FBFE9579282AE26E003EF194 /* Build configuration list for PBXProject "whatFlower" */;
			compatibilityVersion = "Xcode 13.0";
			developmentRegion = en;
			hasScannedForEncodings = 0;
			knownRegions = (
				en,
				Base,
			);
			mainGroup = FBFE9575282AE26E003EF194;
			productRefGroup = FBFE957F282AE26E003EF194 /* Products */;
			projectDirPath = "";
			projectRoot = "";
			targets = (
				FBFE957D282AE26E003EF194 /* whatFlower */,
			);
		};
/* End PBXProject section */

/* Begin PBXResourcesBuildPhase section */
		FBFE957C282AE26E003EF194 /* Resources */ = {
			isa = PBXResourcesBuildPhase;
			buildActionMask = 2147483647;
			files = (
				FBFE958E282AE270003EF194 /* LaunchScreen.storyboard in Resources */,
				FB74D6CC28343BB8002FA9A1 /* Assets.xcassets in Resources */,
				FBFE9589282AE26E003EF194 /* Main.storyboard in Resources */,
			);
			runOnlyForDeploymentPostprocessing = 0;
		};
/* End PBXResourcesBuildPhase section */

/* Begin PBXShellScriptBuildPhase section */
		6CACAF555604D778F75E7880 /* [CP] Embed Pods Frameworks */ = {
			isa = PBXShellScriptBuildPhase;
			buildActionMask = 2147483647;
			files = (
			);
			inputFileListPaths = (
				"${PODS_ROOT}/Target Support Files/Pods-whatFlower/Pods-whatFlower-frameworks-${CONFIGURATION}-input-files.xcfilelist",
			);
			name = "[CP] Embed Pods Frameworks";
			outputFileListPaths = (
				"${PODS_ROOT}/Target Support Files/Pods-whatFlower/Pods-whatFlower-frameworks-${CONFIGURATION}-output-files.xcfilelist",
			);
			runOnlyForDeploymentPostprocessing = 0;
			shellPath = /bin/sh;
			shellScript = "\"${PODS_ROOT}/Target Support Files/Pods-whatFlower/Pods-whatFlower-frameworks.sh\"\n";
			showEnvVarsInLog = 0;
		};
		EAED9F5EE88AC23FF71DB27C /* [CP] Check Pods Manifest.lock */ = {
			isa = PBXShellScriptBuildPhase;
			buildActionMask = 2147483647;
			files = (
			);
			inputFileListPaths = (
			);
			inputPaths = (
				"${PODS_PODFILE_DIR_PATH}/Podfile.lock",
				"${PODS_ROOT}/Manifest.lock",
			);
			name = "[CP] Check Pods Manifest.lock";
			outputFileListPaths = (
			);
			outputPaths = (
				"$(DERIVED_FILE_DIR)/Pods-whatFlower-checkManifestLockResult.txt",
			);
			runOnlyForDeploymentPostprocessing = 0;
			shellPath = /bin/sh;
			shellScript = "diff \"${PODS_PODFILE_DIR_PATH}/Podfile.lock\" \"${PODS_ROOT}/Manifest.lock\" > /dev/null\nif [ $? != 0 ] ; then\n    # print error to STDERR\n    echo \"error: The sandbox is not in sync with the Podfile.lock. Run 'pod install' or update your CocoaPods installation.\" >&2\n    exit 1\nfi\n# This output is used by Xcode 'outputs' to avoid re-running this script phase.\necho \"SUCCESS\" > \"${SCRIPT_OUTPUT_FILE_0}\"\n";
			showEnvVarsInLog = 0;
		};
/* End PBXShellScriptBuildPhase section */

/* Begin PBXSourcesBuildPhase section */
		FBFE957A282AE26E003EF194 /* Sources */ = {
			isa = PBXSourcesBuildPhase;
			buildActionMask = 2147483647;
			files = (
				FBFE9586282AE26E003EF194 /* ViewController.swift in Sources */,
				FBCC723A2832573100658654 /* flowerIdentifier 1.mlmodel in Sources */,
				FBFE9582282AE26E003EF194 /* AppDelegate.swift in Sources */,
				FBFE9596282AE6C8003EF194 /* SceneDelegate.swift in Sources */,
			);
			runOnlyForDeploymentPostprocessing = 0;
		};
/* End PBXSourcesBuildPhase section */

/* Begin PBXVariantGroup section */
		FBFE9587282AE26E003EF194 /* Main.storyboard */ = {
			isa = PBXVariantGroup;
			children = (
				FBFE9588282AE26E003EF194 /* Base */,
			);
			name = Main.storyboard;
			sourceTree = "<group>";
		};
		FBFE958C282AE270003EF194 /* LaunchScreen.storyboard */ = {
			isa = PBXVariantGroup;
			children = (
				FBFE958D282AE270003EF194 /* Base */,
			);
			name = LaunchScreen.storyboard;
			sourceTree = "<group>";
		};
/* End PBXVariantGroup section */

/* Begin XCBuildConfiguration section */
		FBFE9590282AE270003EF194 /* Debug */ = {
			isa = XCBuildConfiguration;
			buildSettings = {
				ALWAYS_SEARCH_USER_PATHS = NO;
				CLANG_ANALYZER_NONNULL = YES;
				CLANG_ANALYZER_NUMBER_OBJECT_CONVERSION = YES_AGGRESSIVE;
				CLANG_CXX_LANGUAGE_STANDARD = "gnu++17";
				CLANG_ENABLE_MODULES = YES;
				CLANG_ENABLE_OBJC_ARC = YES;
				CLANG_ENABLE_OBJC_WEAK = YES;
				CLANG_WARN_BLOCK_CAPTURE_AUTORELEASING = YES;
				CLANG_WARN_BOOL_CONVERSION = YES;
				CLANG_WARN_COMMA = YES;
				CLANG_WARN_CONSTANT_CONVERSION = YES;
				CLANG_WARN_DEPRECATED_OBJC_IMPLEMENTATIONS = YES;
				CLANG_WARN_DIRECT_OBJC_ISA_USAGE = YES_ERROR;
				CLANG_WARN_DOCUMENTATION_COMMENTS = YES;
				CLANG_WARN_EMPTY_BODY = YES;
				CLANG_WARN_ENUM_CONVERSION = YES;
				CLANG_WARN_INFINITE_RECURSION = YES;
				CLANG_WARN_INT_CONVERSION = YES;
				CLANG_WARN_NON_LITERAL_NULL_CONVERSION = YES;
				CLANG_WARN_OBJC_IMPLICIT_RETAIN_SELF = YES;
				CLANG_WARN_OBJC_LITERAL_CONVERSION = YES;
				CLANG_WARN_OBJC_ROOT_CLASS = YES_ERROR;
				CLANG_WARN_QUOTED_INCLUDE_IN_FRAMEWORK_HEADER = YES;
				CLANG_WARN_RANGE_LOOP_ANALYSIS = YES;
				CLANG_WARN_STRICT_PROTOTYPES = YES;
				CLANG_WARN_SUSPICIOUS_MOVE = YES;
				CLANG_WARN_UNGUARDED_AVAILABILITY = YES_AGGRESSIVE;
				CLANG_WARN_UNREACHABLE_CODE = YES;
				CLANG_WARN__DUPLICATE_METHOD_MATCH = YES;
				COPY_PHASE_STRIP = NO;
				DEBUG_INFORMATION_FORMAT = dwarf;
				ENABLE_STRICT_OBJC_MSGSEND = YES;
				ENABLE_TESTABILITY = YES;
				GCC_C_LANGUAGE_STANDARD = gnu11;
				GCC_DYNAMIC_NO_PIC = NO;
				GCC_NO_COMMON_BLOCKS = YES;
				GCC_OPTIMIZATION_LEVEL = 0;
				GCC_PREPROCESSOR_DEFINITIONS = (
					"DEBUG=1",
					"$(inherited)",
				);
				GCC_WARN_64_TO_32_BIT_CONVERSION = YES;
				GCC_WARN_ABOUT_RETURN_TYPE = YES_ERROR;
				GCC_WARN_UNDECLARED_SELECTOR = YES;
				GCC_WARN_UNINITIALIZED_AUTOS = YES_AGGRESSIVE;
				GCC_WARN_UNUSED_FUNCTION = YES;
				GCC_WARN_UNUSED_VARIABLE = YES;
				IPHONEOS_DEPLOYMENT_TARGET = 15.4;
				MTL_ENABLE_DEBUG_INFO = INCLUDE_SOURCE;
				MTL_FAST_MATH = YES;
				ONLY_ACTIVE_ARCH = YES;
				SDKROOT = iphoneos;
				SWIFT_ACTIVE_COMPILATION_CONDITIONS = DEBUG;
				SWIFT_OPTIMIZATION_LEVEL = "-Onone";
			};
			name = Debug;
		};
		FBFE9591282AE270003EF194 /* Release */ = {
			isa = XCBuildConfiguration;
			buildSettings = {
				ALWAYS_SEARCH_USER_PATHS = NO;
				CLANG_ANALYZER_NONNULL = YES;
				CLANG_ANALYZER_NUMBER_OBJECT_CONVERSION = YES_AGGRESSIVE;
				CLANG_CXX_LANGUAGE_STANDARD = "gnu++17";
				CLANG_ENABLE_MODULES = YES;
				CLANG_ENABLE_OBJC_ARC = YES;
				CLANG_ENABLE_OBJC_WEAK = YES;
				CLANG_WARN_BLOCK_CAPTURE_AUTORELEASING = YES;
				CLANG_WARN_BOOL_CONVERSION = YES;
				CLANG_WARN_COMMA = YES;
				CLANG_WARN_CONSTANT_CONVERSION = YES;
				CLANG_WARN_DEPRECATED_OBJC_IMPLEMENTATIONS = YES;
				CLANG_WARN_DIRECT_OBJC_ISA_USAGE = YES_ERROR;
				CLANG_WARN_DOCUMENTATION_COMMENTS = YES;
				CLANG_WARN_EMPTY_BODY = YES;
				CLANG_WARN_ENUM_CONVERSION = YES;
				CLANG_WARN_INFINITE_RECURSION = YES;
				CLANG_WARN_INT_CONVERSION = YES;
				CLANG_WARN_NON_LITERAL_NULL_CONVERSION = YES;
				CLANG_WARN_OBJC_IMPLICIT_RETAIN_SELF = YES;
				CLANG_WARN_OBJC_LITERAL_CONVERSION = YES;
				CLANG_WARN_OBJC_ROOT_CLASS = YES_ERROR;
				CLANG_WARN_QUOTED_INCLUDE_IN_FRAMEWORK_HEADER = YES;
				CLANG_WARN_RANGE_LOOP_ANALYSIS = YES;
				CLANG_WARN_STRICT_PROTOTYPES = YES;
				CLANG_WARN_SUSPICIOUS_MOVE = YES;
				CLANG_WARN_UNGUARDED_AVAILABILITY = YES_AGGRESSIVE;
				CLANG_WARN_UNREACHABLE_CODE = YES;
				CLANG_WARN__DUPLICATE_METHOD_MATCH = YES;
				COPY_PHASE_STRIP = NO;
				DEBUG_INFORMATION_FORMAT = "dwarf-with-dsym";
				ENABLE_NS_ASSERTIONS = NO;
				ENABLE_STRICT_OBJC_MSGSEND = YES;
				GCC_C_LANGUAGE_STANDARD = gnu11;
				GCC_NO_COMMON_BLOCKS = YES;
				GCC_WARN_64_TO_32_BIT_CONVERSION = YES;
				GCC_WARN_ABOUT_RETURN_TYPE = YES_ERROR;
				GCC_WARN_UNDECLARED_SELECTOR = YES;
				GCC_WARN_UNINITIALIZED_AUTOS = YES_AGGRESSIVE;
				GCC_WARN_UNUSED_FUNCTION = YES;
				GCC_WARN_UNUSED_VARIABLE = YES;
				IPHONEOS_DEPLOYMENT_TARGET = 15.4;
				MTL_ENABLE_DEBUG_INFO = NO;
				MTL_FAST_MATH = YES;
				SDKROOT = iphoneos;
				SWIFT_COMPILATION_MODE = wholemodule;
				SWIFT_OPTIMIZATION_LEVEL = "-O";
				VALIDATE_PRODUCT = YES;
			};
			name = Release;
		};
		FBFE9593282AE270003EF194 /* Debug */ = {
			isa = XCBuildConfiguration;
			baseConfigurationReference = E8324DD09BAD6D5FCAD07039 /* Pods-whatFlower.debug.xcconfig */;
			buildSettings = {
				ASSETCATALOG_COMPILER_APPICON_NAME = AppIcon;
				ASSETCATALOG_COMPILER_GLOBAL_ACCENT_COLOR_NAME = AccentColor;
				CODE_SIGN_STYLE = Automatic;
				CURRENT_PROJECT_VERSION = 1;
				DEVELOPMENT_TEAM = Q4WZN97JL5;
				GENERATE_INFOPLIST_FILE = YES;
				INFOPLIST_FILE = whatFlower/Info.plist;
				INFOPLIST_KEY_UIApplicationSupportsIndirectInputEvents = YES;
				INFOPLIST_KEY_UILaunchStoryboardName = LaunchScreen;
				INFOPLIST_KEY_UIMainStoryboardFile = Main;
				INFOPLIST_KEY_UISupportedInterfaceOrientations_iPad = "UIInterfaceOrientationPortrait UIInterfaceOrientationPortraitUpsideDown UIInterfaceOrientationLandscapeLeft UIInterfaceOrientationLandscapeRight";
				INFOPLIST_KEY_UISupportedInterfaceOrientations_iPhone = "UIInterfaceOrientationPortrait UIInterfaceOrientationLandscapeLeft UIInterfaceOrientationLandscapeRight";
				LD_RUNPATH_SEARCH_PATHS = (
					"$(inherited)",
					"@executable_path/Frameworks",
				);
				MARKETING_VERSION = 1.0;
				PRODUCT_BUNDLE_IDENTIFIER = paru.gg.whatFlower;
				PRODUCT_NAME = "$(TARGET_NAME)";
				SWIFT_EMIT_LOC_STRINGS = YES;
				SWIFT_VERSION = 5.0;
				TARGETED_DEVICE_FAMILY = "1,2";
			};
			name = Debug;
		};
		FBFE9594282AE270003EF194 /* Release */ = {
			isa = XCBuildConfiguration;
			baseConfigurationReference = 621672C50EEC12EDABBACD83 /* Pods-whatFlower.release.xcconfig */;
			buildSettings = {
				ASSETCATALOG_COMPILER_APPICON_NAME = AppIcon;
				ASSETCATALOG_COMPILER_GLOBAL_ACCENT_COLOR_NAME = AccentColor;
				CODE_SIGN_STYLE = Automatic;
				CURRENT_PROJECT_VERSION = 1;
				DEVELOPMENT_TEAM = Q4WZN97JL5;
				GENERATE_INFOPLIST_FILE = YES;
				INFOPLIST_FILE = whatFlower/Info.plist;
				INFOPLIST_KEY_UIApplicationSupportsIndirectInputEvents = YES;
				INFOPLIST_KEY_UILaunchStoryboardName = LaunchScreen;
				INFOPLIST_KEY_UIMainStoryboardFile = Main;
				INFOPLIST_KEY_UISupportedInterfaceOrientations_iPad = "UIInterfaceOrientationPortrait UIInterfaceOrientationPortraitUpsideDown UIInterfaceOrientationLandscapeLeft UIInterfaceOrientationLandscapeRight";
				INFOPLIST_KEY_UISupportedInterfaceOrientations_iPhone = "UIInterfaceOrientationPortrait UIInterfaceOrientationLandscapeLeft UIInterfaceOrientationLandscapeRight";
				LD_RUNPATH_SEARCH_PATHS = (
					"$(inherited)",
					"@executable_path/Frameworks",
				);
				MARKETING_VERSION = 1.0;
				PRODUCT_BUNDLE_IDENTIFIER = paru.gg.whatFlower;
				PRODUCT_NAME = "$(TARGET_NAME)";
				SWIFT_EMIT_LOC_STRINGS = YES;
				SWIFT_VERSION = 5.0;
				TARGETED_DEVICE_FAMILY = "1,2";
			};
			name = Release;
		};
/* End XCBuildConfiguration section */

/* Begin XCConfigurationList section */
		FBFE9579282AE26E003EF194 /* Build configuration list for PBXProject "whatFlower" */ = {
			isa = XCConfigurationList;
			buildConfigurations = (
				FBFE9590282AE270003EF194 /* Debug */,
				FBFE9591282AE270003EF194 /* Release */,
			);
			defaultConfigurationIsVisible = 0;
			defaultConfigurationName = Release;
		};
		FBFE9592282AE270003EF194 /* Build configuration list for PBXNativeTarget "whatFlower" */ = {
			isa = XCConfigurationList;
			buildConfigurations = (
				FBFE9593282AE270003EF194 /* Debug */,
				FBFE9594282AE270003EF194 /* Release */,
			);
			defaultConfigurationIsVisible = 0;
			defaultConfigurationName = Release;
		};
/* End XCConfigurationList section */
	};
	rootObject = FBFE9576282AE26E003EF194 /* Project object */;
}
